// !$*UTF8*$!
{
	archiveVersion = 1;
	classes = {
	};
	objectVersion = 77;
	objects = {

/* Begin PBXBuildFile section */
		400000000000000000000001 /* MoneyMapApp.swift in Sources */ = {isa = PBXBuildFile; fileRef = 300000000000000000000001 /* MoneyMapApp.swift */; };
		400000000000000000000002 /* Enums.swift in Sources */ = {isa = PBXBuildFile; fileRef = 300000000000000000000002 /* Enums.swift */; };
		400000000000000000000003 /* Account.swift in Sources */ = {isa = PBXBuildFile; fileRef = 300000000000000000000003 /* Account.swift */; };
		400000000000000000000004 /* Asset.swift in Sources */ = {isa = PBXBuildFile; fileRef = 300000000000000000000004 /* Asset.swift */; };
		400000000000000000000005 /* Position.swift in Sources */ = {isa = PBXBuildFile; fileRef = 300000000000000000000005 /* Position.swift */; };
		400000000000000000000006 /* Transaction.swift in Sources */ = {isa = PBXBuildFile; fileRef = 300000000000000000000006 /* Transaction.swift */; };
		400000000000000000000007 /* DCAPlan.swift in Sources */ = {isa = PBXBuildFile; fileRef = 300000000000000000000007 /* DCAPlan.swift */; };
		400000000000000000000008 /* PriceQuote.swift in Sources */ = {isa = PBXBuildFile; fileRef = 300000000000000000000008 /* PriceQuote.swift */; };
		400000000000000000000009 /* DailySnapshot.swift in Sources */ = {isa = PBXBuildFile; fileRef = 300000000000000000000009 /* DailySnapshot.swift */; };
		40000000000000000000000A /* ValuationService.swift in Sources */ = {isa = PBXBuildFile; fileRef = 30000000000000000000000A /* ValuationService.swift */; };
		40000000000000000000000B /* DemoDataSeeder.swift in Sources */ = {isa = PBXBuildFile; fileRef = 30000000000000000000000B /* DemoDataSeeder.swift */; };
		40000000000000000000000C /* Formatters.swift in Sources */ = {isa = PBXBuildFile; fileRef = 30000000000000000000000C /* Formatters.swift */; };
		40000000000000000000000D /* ContentView.swift in Sources */ = {isa = PBXBuildFile; fileRef = 30000000000000000000000D /* ContentView.swift */; };
		40000000000000000000000E /* DashboardView.swift in Sources */ = {isa = PBXBuildFile; fileRef = 30000000000000000000000E /* DashboardView.swift */; };
		40000000000000000000000F /* AccountsView.swift in Sources */ = {isa = PBXBuildFile; fileRef = 30000000000000000000000F /* AccountsView.swift */; };
		400000000000000000000010 /* TransactionsView.swift in Sources */ = {isa = PBXBuildFile; fileRef = 300000000000000000000010 /* TransactionsView.swift */; };
		400000000000000000000011 /* DCAPlansView.swift in Sources */ = {isa = PBXBuildFile; fileRef = 300000000000000000000011 /* DCAPlansView.swift */; };
		400000000000000000000012 /* SettingsView.swift in Sources */ = {isa = PBXBuildFile; fileRef = 300000000000000000000012 /* SettingsView.swift */; };
		400000000000000000000013 /* Assets.xcassets in Resources */ = {isa = PBXBuildFile; fileRef = 300000000000000000000013 /* Assets.xcassets */; };
		400000000000000000000020 /* Theme.swift in Sources */ = {isa = PBXBuildFile; fileRef = 300000000000000000000020 /* Theme.swift */; };
		400000000000000000000021 /* AccountReturnsService.swift in Sources */ = {isa = PBXBuildFile; fileRef = 300000000000000000000021 /* AccountReturnsService.swift */; };
		400000000000000000000022 /* DCAService.swift in Sources */ = {isa = PBXBuildFile; fileRef = 300000000000000000000022 /* DCAService.swift */; };
		400000000000000000000023 /* Card.swift in Sources */ = {isa = PBXBuildFile; fileRef = 300000000000000000000023 /* Card.swift */; };
		400000000000000000000024 /* MetricRow.swift in Sources */ = {isa = PBXBuildFile; fileRef = 300000000000000000000024 /* MetricRow.swift */; };
		400000000000000000000025 /* AmountText.swift in Sources */ = {isa = PBXBuildFile; fileRef = 300000000000000000000025 /* AmountText.swift */; };
		400000000000000000000026 /* AccountDetailView.swift in Sources */ = {isa = PBXBuildFile; fileRef = 300000000000000000000026 /* AccountDetailView.swift */; };
		400000000000000000000027 /* AddAccountSheet.swift in Sources */ = {isa = PBXBuildFile; fileRef = 300000000000000000000027 /* AddAccountSheet.swift */; };
		400000000000000000000028 /* EditAccountSheet.swift in Sources */ = {isa = PBXBuildFile; fileRef = 300000000000000000000028 /* EditAccountSheet.swift */; };
		400000000000000000000029 /* AddPositionSheet.swift in Sources */ = {isa = PBXBuildFile; fileRef = 300000000000000000000029 /* AddPositionSheet.swift */; };
		40000000000000000000002A /* AddDCAPlanSheet.swift in Sources */ = {isa = PBXBuildFile; fileRef = 30000000000000000000002A /* AddDCAPlanSheet.swift */; };
		40000000000000000000002B /* PriceService.swift in Sources */ = {isa = PBXBuildFile; fileRef = 30000000000000000000002B /* PriceService.swift */; };
		40000000000000000000002C /* PriceRefreshService.swift in Sources */ = {isa = PBXBuildFile; fileRef = 30000000000000000000002C /* PriceRefreshService.swift */; };
		40000000000000000000002D /* EditPositionSheet.swift in Sources */ = {isa = PBXBuildFile; fileRef = 30000000000000000000002D /* EditPositionSheet.swift */; };
		40000000000000000000002E /* EditDCAPlanSheet.swift in Sources */ = {isa = PBXBuildFile; fileRef = 30000000000000000000002E /* EditDCAPlanSheet.swift */; };
		40000000000000000000002F /* DataExportService.swift in Sources */ = {isa = PBXBuildFile; fileRef = 30000000000000000000002F /* DataExportService.swift */; };
		400000000000000000000030 /* DataImportService.swift in Sources */ = {isa = PBXBuildFile; fileRef = 300000000000000000000030 /* DataImportService.swift */; };
		400000000000000000000031 /* WidgetState.swift in Sources */ = {isa = PBXBuildFile; fileRef = 300000000000000000000031 /* WidgetState.swift */; };
		400000000000000000000032 /* TargetAllocation.swift in Sources */ = {isa = PBXBuildFile; fileRef = 300000000000000000000032 /* TargetAllocation.swift */; };
		400000000000000000000033 /* RebalanceService.swift in Sources */ = {isa = PBXBuildFile; fileRef = 300000000000000000000033 /* RebalanceService.swift */; };
		400000000000000000000034 /* RebalanceView.swift in Sources */ = {isa = PBXBuildFile; fileRef = 300000000000000000000034 /* RebalanceView.swift */; };
		400000000000000000000035 /* TargetAllocationSheet.swift in Sources */ = {isa = PBXBuildFile; fileRef = 300000000000000000000035 /* TargetAllocationSheet.swift */; };
		400000000000000000000036 /* AddTransactionSheet.swift in Sources */ = {isa = PBXBuildFile; fileRef = 300000000000000000000036 /* AddTransactionSheet.swift */; };
		400000000000000000000040 /* RangeTabsView.swift in Sources */ = {isa = PBXBuildFile; fileRef = 300000000000000000000040 /* RangeTabsView.swift */; };
		400000000000000000000041 /* MiniSparkline.swift in Sources */ = {isa = PBXBuildFile; fileRef = 300000000000000000000041 /* MiniSparkline.swift */; };
		400000000000000000000042 /* DonutChart.swift in Sources */ = {isa = PBXBuildFile; fileRef = 300000000000000000000042 /* DonutChart.swift */; };
		400000000000000000000043 /* HeroPnLCard.swift in Sources */ = {isa = PBXBuildFile; fileRef = 300000000000000000000043 /* HeroPnLCard.swift */; };
		400000000000000000000044 /* TotalAssetsCard.swift in Sources */ = {isa = PBXBuildFile; fileRef = 300000000000000000000044 /* TotalAssetsCard.swift */; };
		400000000000000000000045 /* AssetTrendCard.swift in Sources */ = {isa = PBXBuildFile; fileRef = 300000000000000000000045 /* AssetTrendCard.swift */; };
		400000000000000000000046 /* BreakdownDonutCard.swift in Sources */ = {isa = PBXBuildFile; fileRef = 300000000000000000000046 /* BreakdownDonutCard.swift */; };
		400000000000000000000047 /* TransactionTypePickerView.swift in Sources */ = {isa = PBXBuildFile; fileRef = 300000000000000000000047 /* TransactionTypePickerView.swift */; };
		400000000000000000000048 /* TransactionFormView.swift in Sources */ = {isa = PBXBuildFile; fileRef = 300000000000000000000048 /* TransactionFormView.swift */; };
		400000000000000000000049 /* AmountInputView.swift in Sources */ = {isa = PBXBuildFile; fileRef = 300000000000000000000049 /* AmountInputView.swift */; };
/* End PBXBuildFile section */

/* Begin PBXFileReference section */
		300000000000000000000001 /* MoneyMapApp.swift */ = {isa = PBXFileReference; lastKnownFileType = sourcecode.swift; path = MoneyMapApp.swift; sourceTree = "<group>"; };
		300000000000000000000002 /* Enums.swift */ = {isa = PBXFileReference; lastKnownFileType = sourcecode.swift; path = Enums.swift; sourceTree = "<group>"; };
		300000000000000000000003 /* Account.swift */ = {isa = PBXFileReference; lastKnownFileType = sourcecode.swift; path = Account.swift; sourceTree = "<group>"; };
		300000000000000000000004 /* Asset.swift */ = {isa = PBXFileReference; lastKnownFileType = sourcecode.swift; path = Asset.swift; sourceTree = "<group>"; };
		300000000000000000000005 /* Position.swift */ = {isa = PBXFileReference; lastKnownFileType = sourcecode.swift; path = Position.swift; sourceTree = "<group>"; };
		300000000000000000000006 /* Transaction.swift */ = {isa = PBXFileReference; lastKnownFileType = sourcecode.swift; path = Transaction.swift; sourceTree = "<group>"; };
		300000000000000000000007 /* DCAPlan.swift */ = {isa = PBXFileReference; lastKnownFileType = sourcecode.swift; path = DCAPlan.swift; sourceTree = "<group>"; };
		300000000000000000000008 /* PriceQuote.swift */ = {isa = PBXFileReference; lastKnownFileType = sourcecode.swift; path = PriceQuote.swift; sourceTree = "<group>"; };
		300000000000000000000009 /* DailySnapshot.swift */ = {isa = PBXFileReference; lastKnownFileType = sourcecode.swift; path = DailySnapshot.swift; sourceTree = "<group>"; };
		30000000000000000000000A /* ValuationService.swift */ = {isa = PBXFileReference; lastKnownFileType = sourcecode.swift; path = ValuationService.swift; sourceTree = "<group>"; };
		30000000000000000000000B /* DemoDataSeeder.swift */ = {isa = PBXFileReference; lastKnownFileType = sourcecode.swift; path = DemoDataSeeder.swift; sourceTree = "<group>"; };
		30000000000000000000000C /* Formatters.swift */ = {isa = PBXFileReference; lastKnownFileType = sourcecode.swift; path = Formatters.swift; sourceTree = "<group>"; };
		30000000000000000000000D /* ContentView.swift */ = {isa = PBXFileReference; lastKnownFileType = sourcecode.swift; path = ContentView.swift; sourceTree = "<group>"; };
		30000000000000000000000E /* DashboardView.swift */ = {isa = PBXFileReference; lastKnownFileType = sourcecode.swift; path = DashboardView.swift; sourceTree = "<group>"; };
		30000000000000000000000F /* AccountsView.swift */ = {isa = PBXFileReference; lastKnownFileType = sourcecode.swift; path = AccountsView.swift; sourceTree = "<group>"; };
		300000000000000000000010 /* TransactionsView.swift */ = {isa = PBXFileReference; lastKnownFileType = sourcecode.swift; path = TransactionsView.swift; sourceTree = "<group>"; };
		300000000000000000000011 /* DCAPlansView.swift */ = {isa = PBXFileReference; lastKnownFileType = sourcecode.swift; path = DCAPlansView.swift; sourceTree = "<group>"; };
		300000000000000000000012 /* SettingsView.swift */ = {isa = PBXFileReference; lastKnownFileType = sourcecode.swift; path = SettingsView.swift; sourceTree = "<group>"; };
		300000000000000000000013 /* Assets.xcassets */ = {isa = PBXFileReference; lastKnownFileType = folder.assetcatalog; path = Assets.xcassets; sourceTree = "<group>"; };
		300000000000000000000014 /* Preview Assets.xcassets */ = {isa = PBXFileReference; lastKnownFileType = folder.assetcatalog; path = "Preview Assets.xcassets"; sourceTree = "<group>"; };
		300000000000000000000020 /* Theme.swift */ = {isa = PBXFileReference; lastKnownFileType = sourcecode.swift; path = Theme.swift; sourceTree = "<group>"; };
		300000000000000000000021 /* AccountReturnsService.swift */ = {isa = PBXFileReference; lastKnownFileType = sourcecode.swift; path = AccountReturnsService.swift; sourceTree = "<group>"; };
		300000000000000000000022 /* DCAService.swift */ = {isa = PBXFileReference; lastKnownFileType = sourcecode.swift; path = DCAService.swift; sourceTree = "<group>"; };
		300000000000000000000023 /* Card.swift */ = {isa = PBXFileReference; lastKnownFileType = sourcecode.swift; path = Card.swift; sourceTree = "<group>"; };
		300000000000000000000024 /* MetricRow.swift */ = {isa = PBXFileReference; lastKnownFileType = sourcecode.swift; path = MetricRow.swift; sourceTree = "<group>"; };
		300000000000000000000025 /* AmountText.swift */ = {isa = PBXFileReference; lastKnownFileType = sourcecode.swift; path = AmountText.swift; sourceTree = "<group>"; };
		300000000000000000000026 /* AccountDetailView.swift */ = {isa = PBXFileReference; lastKnownFileType = sourcecode.swift; path = AccountDetailView.swift; sourceTree = "<group>"; };
		300000000000000000000027 /* AddAccountSheet.swift */ = {isa = PBXFileReference; lastKnownFileType = sourcecode.swift; path = AddAccountSheet.swift; sourceTree = "<group>"; };
		300000000000000000000028 /* EditAccountSheet.swift */ = {isa = PBXFileReference; lastKnownFileType = sourcecode.swift; path = EditAccountSheet.swift; sourceTree = "<group>"; };
		300000000000000000000029 /* AddPositionSheet.swift */ = {isa = PBXFileReference; lastKnownFileType = sourcecode.swift; path = AddPositionSheet.swift; sourceTree = "<group>"; };
		30000000000000000000002A /* AddDCAPlanSheet.swift */ = {isa = PBXFileReference; lastKnownFileType = sourcecode.swift; path = AddDCAPlanSheet.swift; sourceTree = "<group>"; };
		30000000000000000000002B /* PriceService.swift */ = {isa = PBXFileReference; lastKnownFileType = sourcecode.swift; path = PriceService.swift; sourceTree = "<group>"; };
		30000000000000000000002C /* PriceRefreshService.swift */ = {isa = PBXFileReference; lastKnownFileType = sourcecode.swift; path = PriceRefreshService.swift; sourceTree = "<group>"; };
		30000000000000000000002D /* EditPositionSheet.swift */ = {isa = PBXFileReference; lastKnownFileType = sourcecode.swift; path = EditPositionSheet.swift; sourceTree = "<group>"; };
		30000000000000000000002E /* EditDCAPlanSheet.swift */ = {isa = PBXFileReference; lastKnownFileType = sourcecode.swift; path = EditDCAPlanSheet.swift; sourceTree = "<group>"; };
		30000000000000000000002F /* DataExportService.swift */ = {isa = PBXFileReference; lastKnownFileType = sourcecode.swift; path = DataExportService.swift; sourceTree = "<group>"; };
		300000000000000000000030 /* DataImportService.swift */ = {isa = PBXFileReference; lastKnownFileType = sourcecode.swift; path = DataImportService.swift; sourceTree = "<group>"; };
		300000000000000000000031 /* WidgetState.swift */ = {isa = PBXFileReference; lastKnownFileType = sourcecode.swift; path = WidgetState.swift; sourceTree = "<group>"; };
		300000000000000000000032 /* TargetAllocation.swift */ = {isa = PBXFileReference; lastKnownFileType = sourcecode.swift; path = TargetAllocation.swift; sourceTree = "<group>"; };
		300000000000000000000033 /* RebalanceService.swift */ = {isa = PBXFileReference; lastKnownFileType = sourcecode.swift; path = RebalanceService.swift; sourceTree = "<group>"; };
		300000000000000000000034 /* RebalanceView.swift */ = {isa = PBXFileReference; lastKnownFileType = sourcecode.swift; path = RebalanceView.swift; sourceTree = "<group>"; };
		300000000000000000000035 /* TargetAllocationSheet.swift */ = {isa = PBXFileReference; lastKnownFileType = sourcecode.swift; path = TargetAllocationSheet.swift; sourceTree = "<group>"; };
		300000000000000000000036 /* AddTransactionSheet.swift */ = {isa = PBXFileReference; lastKnownFileType = sourcecode.swift; path = AddTransactionSheet.swift; sourceTree = "<group>"; };
		300000000000000000000040 /* RangeTabsView.swift */ = {isa = PBXFileReference; lastKnownFileType = sourcecode.swift; path = RangeTabsView.swift; sourceTree = "<group>"; };
		300000000000000000000041 /* MiniSparkline.swift */ = {isa = PBXFileReference; lastKnownFileType = sourcecode.swift; path = MiniSparkline.swift; sourceTree = "<group>"; };
		300000000000000000000042 /* DonutChart.swift */ = {isa = PBXFileReference; lastKnownFileType = sourcecode.swift; path = DonutChart.swift; sourceTree = "<group>"; };
		300000000000000000000043 /* HeroPnLCard.swift */ = {isa = PBXFileReference; lastKnownFileType = sourcecode.swift; path = HeroPnLCard.swift; sourceTree = "<group>"; };
		300000000000000000000044 /* TotalAssetsCard.swift */ = {isa = PBXFileReference; lastKnownFileType = sourcecode.swift; path = TotalAssetsCard.swift; sourceTree = "<group>"; };
		300000000000000000000045 /* AssetTrendCard.swift */ = {isa = PBXFileReference; lastKnownFileType = sourcecode.swift; path = AssetTrendCard.swift; sourceTree = "<group>"; };
		300000000000000000000046 /* BreakdownDonutCard.swift */ = {isa = PBXFileReference; lastKnownFileType = sourcecode.swift; path = BreakdownDonutCard.swift; sourceTree = "<group>"; };
		300000000000000000000047 /* TransactionTypePickerView.swift */ = {isa = PBXFileReference; lastKnownFileType = sourcecode.swift; path = TransactionTypePickerView.swift; sourceTree = "<group>"; };
		300000000000000000000048 /* TransactionFormView.swift */ = {isa = PBXFileReference; lastKnownFileType = sourcecode.swift; path = TransactionFormView.swift; sourceTree = "<group>"; };
		300000000000000000000049 /* AmountInputView.swift */ = {isa = PBXFileReference; lastKnownFileType = sourcecode.swift; path = AmountInputView.swift; sourceTree = "<group>"; };
		300000000000000000000099 /* MoneyMap.app */ = {isa = PBXFileReference; explicitFileType = wrapper.application; includeInIndex = 0; path = MoneyMap.app; sourceTree = BUILT_PRODUCTS_DIR; };
/* End PBXFileReference section */

/* Begin PBXGroup section */
		100000000000000000000002 = {
			isa = PBXGroup;
			children = (
				200000000000000000000001 /* MoneyMap */,
				100000000000000000000003 /* Products */,
			);
			sourceTree = "<group>";
		};
		100000000000000000000003 /* Products */ = {
			isa = PBXGroup;
			children = (
				300000000000000000000099 /* MoneyMap.app */,
			);
			name = Products;
			sourceTree = "<group>";
		};
		200000000000000000000001 /* MoneyMap */ = {
			isa = PBXGroup;
			children = (
				200000000000000000000002 /* App */,
				200000000000000000000003 /* Models */,
				200000000000000000000004 /* Services */,
				200000000000000000000005 /* Utils */,
				200000000000000000000006 /* Views */,
				300000000000000000000013 /* Assets.xcassets */,
				20000000000000000000000C /* Preview Content */,
			);
			path = MoneyMap;
			sourceTree = "<group>";
		};
		200000000000000000000002 /* App */ = {
			isa = PBXGroup;
			children = (
				300000000000000000000001 /* MoneyMapApp.swift */,
			);
			path = App;
			sourceTree = "<group>";
		};
		200000000000000000000003 /* Models */ = {
			isa = PBXGroup;
			children = (
				300000000000000000000002 /* Enums.swift */,
				300000000000000000000003 /* Account.swift */,
				300000000000000000000004 /* Asset.swift */,
				300000000000000000000005 /* Position.swift */,
				300000000000000000000006 /* Transaction.swift */,
				300000000000000000000007 /* DCAPlan.swift */,
				300000000000000000000008 /* PriceQuote.swift */,
				300000000000000000000009 /* DailySnapshot.swift */,
				300000000000000000000032 /* TargetAllocation.swift */,
			);
			path = Models;
			sourceTree = "<group>";
		};
		200000000000000000000004 /* Services */ = {
			isa = PBXGroup;
			children = (
				30000000000000000000000A /* ValuationService.swift */,
				30000000000000000000000B /* DemoDataSeeder.swift */,
				300000000000000000000021 /* AccountReturnsService.swift */,
				300000000000000000000022 /* DCAService.swift */,
				30000000000000000000002B /* PriceService.swift */,
				30000000000000000000002C /* PriceRefreshService.swift */,
				30000000000000000000002F /* DataExportService.swift */,
				300000000000000000000030 /* DataImportService.swift */,
				300000000000000000000031 /* WidgetState.swift */,
				300000000000000000000033 /* RebalanceService.swift */,
			);
			path = Services;
			sourceTree = "<group>";
		};
		200000000000000000000005 /* Utils */ = {
			isa = PBXGroup;
			children = (
				30000000000000000000000C /* Formatters.swift */,
				300000000000000000000020 /* Theme.swift */,
			);
			path = Utils;
			sourceTree = "<group>";
		};
		200000000000000000000006 /* Views */ = {
			isa = PBXGroup;
			children = (
				30000000000000000000000D /* ContentView.swift */,
				20000000000000000000000D /* Components */,
				200000000000000000000007 /* Dashboard */,
				200000000000000000000008 /* Accounts */,
				200000000000000000000009 /* Transactions */,
				20000000000000000000000A /* DCAPlans */,
				20000000000000000000000B /* Settings */,
				20000000000000000000000E /* Rebalance */,
			);
			path = Views;
			sourceTree = "<group>";
		};
		20000000000000000000000E /* Rebalance */ = {
			isa = PBXGroup;
			children = (
				300000000000000000000034 /* RebalanceView.swift */,
				300000000000000000000035 /* TargetAllocationSheet.swift */,
			);
			path = Rebalance;
			sourceTree = "<group>";
		};
		20000000000000000000000D /* Components */ = {
			isa = PBXGroup;
			children = (
				300000000000000000000023 /* Card.swift */,
				300000000000000000000024 /* MetricRow.swift */,
				300000000000000000000025 /* AmountText.swift */,
				300000000000000000000040 /* RangeTabsView.swift */,
				300000000000000000000041 /* MiniSparkline.swift */,
				300000000000000000000042 /* DonutChart.swift */,
			);
			path = Components;
			sourceTree = "<group>";
		};
		200000000000000000000007 /* Dashboard */ = {
			isa = PBXGroup;
			children = (
				30000000000000000000000E /* DashboardView.swift */,
				300000000000000000000043 /* HeroPnLCard.swift */,
				300000000000000000000044 /* TotalAssetsCard.swift */,
				300000000000000000000045 /* AssetTrendCard.swift */,
				300000000000000000000046 /* BreakdownDonutCard.swift */,
			);
			path = Dashboard;
			sourceTree = "<group>";
		};
		200000000000000000000008 /* Accounts */ = {
			isa = PBXGroup;
			children = (
				30000000000000000000000F /* AccountsView.swift */,
				300000000000000000000026 /* AccountDetailView.swift */,
				300000000000000000000027 /* AddAccountSheet.swift */,
				300000000000000000000028 /* EditAccountSheet.swift */,
				300000000000000000000029 /* AddPositionSheet.swift */,
				30000000000000000000002D /* EditPositionSheet.swift */,
			);
			path = Accounts;
			sourceTree = "<group>";
		};
		200000000000000000000009 /* Transactions */ = {
			isa = PBXGroup;
			children = (
				300000000000000000000010 /* TransactionsView.swift */,
				300000000000000000000036 /* AddTransactionSheet.swift */,
				300000000000000000000047 /* TransactionTypePickerView.swift */,
				200000000000000000000020 /* Forms */,
			);
			path = Transactions;
			sourceTree = "<group>";
		};
		200000000000000000000020 /* Forms */ = {
			isa = PBXGroup;
			children = (
				300000000000000000000048 /* TransactionFormView.swift */,
				300000000000000000000049 /* AmountInputView.swift */,
			);
			path = Forms;
			sourceTree = "<group>";
		};
		20000000000000000000000A /* DCAPlans */ = {
			isa = PBXGroup;
			children = (
				300000000000000000000011 /* DCAPlansView.swift */,
				30000000000000000000002A /* AddDCAPlanSheet.swift */,
				30000000000000000000002E /* EditDCAPlanSheet.swift */,
			);
			path = DCAPlans;
			sourceTree = "<group>";
		};
		20000000000000000000000B /* Settings */ = {
			isa = PBXGroup;
			children = (
				300000000000000000000012 /* SettingsView.swift */,
			);
			path = Settings;
			sourceTree = "<group>";
		};
		20000000000000000000000C /* Preview Content */ = {
			isa = PBXGroup;
			children = (
				300000000000000000000014 /* Preview Assets.xcassets */,
			);
			path = "Preview Content";
			sourceTree = "<group>";
		};
/* End PBXGroup section */

/* Begin PBXNativeTarget section */
		600000000000000000000001 /* MoneyMap */ = {
			isa = PBXNativeTarget;
			buildConfigurationList = 800000000000000000000002 /* Build configuration list for PBXNativeTarget "MoneyMap" */;
			buildPhases = (
				500000000000000000000001 /* Sources */,
				500000000000000000000002 /* Frameworks */,
				500000000000000000000003 /* Resources */,
			);
			buildRules = (
			);
			dependencies = (
			);
			name = MoneyMap;
			productName = MoneyMap;
			productReference = 300000000000000000000099 /* MoneyMap.app */;
			productType = "com.apple.product-type.application";
		};
/* End PBXNativeTarget section */

/* Begin PBXProject section */
		100000000000000000000001 /* Project object */ = {
			isa = PBXProject;
			attributes = {
				BuildIndependentTargetsInParallel = 1;
				LastSwiftUpdateCheck = 1640;
				LastUpgradeCheck = 1640;
				TargetAttributes = {
					600000000000000000000001 = {
						CreatedOnToolsVersion = 16.4;
					};
				};
			};
			buildConfigurationList = 800000000000000000000001 /* Build configuration list for PBXProject "MoneyMap" */;
			developmentRegion = en;
			hasScannedForEncodings = 0;
			knownRegions = (
				en,
				Base,
				"zh-Hans",
			);
			mainGroup = 100000000000000000000002;
			minimizedProjectReferenceProxies = 1;
			preferredProjectObjectVersion = 77;
			productRefGroup = 100000000000000000000003 /* Products */;
			projectDirPath = "";
			projectRoot = "";
			targets = (
				600000000000000000000001 /* MoneyMap */,
			);
		};
/* End PBXProject section */

/* Begin PBXResourcesBuildPhase section */
		500000000000000000000003 /* Resources */ = {
			isa = PBXResourcesBuildPhase;
			buildActionMask = 2147483647;
			files = (
				400000000000000000000013 /* Assets.xcassets in Resources */,
			);
			runOnlyForDeploymentPostprocessing = 0;
		};
/* End PBXResourcesBuildPhase section */

/* Begin PBXSourcesBuildPhase section */
		500000000000000000000001 /* Sources */ = {
			isa = PBXSourcesBuildPhase;
			buildActionMask = 2147483647;
			files = (
				400000000000000000000001 /* MoneyMapApp.swift in Sources */,
				400000000000000000000002 /* Enums.swift in Sources */,
				400000000000000000000003 /* Account.swift in Sources */,
				400000000000000000000004 /* Asset.swift in Sources */,
				400000000000000000000005 /* Position.swift in Sources */,
				400000000000000000000006 /* Transaction.swift in Sources */,
				400000000000000000000007 /* DCAPlan.swift in Sources */,
				400000000000000000000008 /* PriceQuote.swift in Sources */,
				400000000000000000000009 /* DailySnapshot.swift in Sources */,
				40000000000000000000000A /* ValuationService.swift in Sources */,
				40000000000000000000000B /* DemoDataSeeder.swift in Sources */,
				40000000000000000000000C /* Formatters.swift in Sources */,
				40000000000000000000000D /* ContentView.swift in Sources */,
				40000000000000000000000E /* DashboardView.swift in Sources */,
				40000000000000000000000F /* AccountsView.swift in Sources */,
				400000000000000000000010 /* TransactionsView.swift in Sources */,
				400000000000000000000011 /* DCAPlansView.swift in Sources */,
				400000000000000000000012 /* SettingsView.swift in Sources */,
				400000000000000000000020 /* Theme.swift in Sources */,
				400000000000000000000021 /* AccountReturnsService.swift in Sources */,
				400000000000000000000022 /* DCAService.swift in Sources */,
				400000000000000000000023 /* Card.swift in Sources */,
				400000000000000000000024 /* MetricRow.swift in Sources */,
				400000000000000000000025 /* AmountText.swift in Sources */,
				400000000000000000000026 /* AccountDetailView.swift in Sources */,
				400000000000000000000027 /* AddAccountSheet.swift in Sources */,
				400000000000000000000028 /* EditAccountSheet.swift in Sources */,
				400000000000000000000029 /* AddPositionSheet.swift in Sources */,
				40000000000000000000002A /* AddDCAPlanSheet.swift in Sources */,
				40000000000000000000002B /* PriceService.swift in Sources */,
				40000000000000000000002C /* PriceRefreshService.swift in Sources */,
				40000000000000000000002D /* EditPositionSheet.swift in Sources */,
				40000000000000000000002E /* EditDCAPlanSheet.swift in Sources */,
				40000000000000000000002F /* DataExportService.swift in Sources */,
				400000000000000000000030 /* DataImportService.swift in Sources */,
				400000000000000000000031 /* WidgetState.swift in Sources */,
				400000000000000000000032 /* TargetAllocation.swift in Sources */,
				400000000000000000000033 /* RebalanceService.swift in Sources */,
				400000000000000000000034 /* RebalanceView.swift in Sources */,
				400000000000000000000035 /* TargetAllocationSheet.swift in Sources */,
				400000000000000000000036 /* AddTransactionSheet.swift in Sources */,
				400000000000000000000040 /* RangeTabsView.swift in Sources */,
				400000000000000000000041 /* MiniSparkline.swift in Sources */,
				400000000000000000000042 /* DonutChart.swift in Sources */,
				400000000000000000000043 /* HeroPnLCard.swift in Sources */,
				400000000000000000000044 /* TotalAssetsCard.swift in Sources */,
				400000000000000000000045 /* AssetTrendCard.swift in Sources */,
				400000000000000000000046 /* BreakdownDonutCard.swift in Sources */,
				400000000000000000000047 /* TransactionTypePickerView.swift in Sources */,
				400000000000000000000048 /* TransactionFormView.swift in Sources */,
				400000000000000000000049 /* AmountInputView.swift in Sources */,
			);
			runOnlyForDeploymentPostprocessing = 0;
		};
/* End PBXSourcesBuildPhase section */

/* Begin PBXFrameworksBuildPhase section */
		500000000000000000000002 /* Frameworks */ = {
			isa = PBXFrameworksBuildPhase;
			buildActionMask = 2147483647;
			files = (
			);
			runOnlyForDeploymentPostprocessing = 0;
		};
/* End PBXFrameworksBuildPhase section */

/* Begin XCBuildConfiguration section */
		700000000000000000000001 /* Debug */ = {
			isa = XCBuildConfiguration;
			buildSettings = {
				ALWAYS_SEARCH_USER_PATHS = NO;
				ASSETCATALOG_COMPILER_GENERATE_SWIFT_ASSET_SYMBOL_EXTENSIONS = YES;
				CLANG_ANALYZER_NONNULL = YES;
				CLANG_ANALYZER_NUMBER_OBJECT_CONVERSION = YES_AGGRESSIVE;
				CLANG_CXX_LANGUAGE_STANDARD = "gnu++20";
				CLANG_ENABLE_MODULES = YES;
				CLANG_ENABLE_OBJC_ARC = YES;
				CLANG_ENABLE_OBJC_WEAK = YES;
				CLANG_WARN_BLOCK_CAPTURE_AUTORELEASING = YES;
				CLANG_WARN_BOOL_CONVERSION = YES;
				CLANG_WARN_COMMA = YES;
				CLANG_WARN_CONSTANT_CONVERSION = YES;
				CLANG_WARN_DEPRECATED_OBJC_IMPLEMENTATIONS = YES;
				CLANG_WARN_DIRECT_OBJC_ISA_USAGE = YES_ERROR;
				CLANG_WARN_DOCUMENTATION_COMMENTS = YES;
				CLANG_WARN_EMPTY_BODY = YES;
				CLANG_WARN_ENUM_CONVERSION = YES;
				CLANG_WARN_INFINITE_RECURSION = YES;
				CLANG_WARN_INT_CONVERSION = YES;
				CLANG_WARN_NON_LITERAL_NULL_CONVERSION = YES;
				CLANG_WARN_OBJC_IMPLICIT_RETAIN_SELF = YES;
				CLANG_WARN_OBJC_LITERAL_CONVERSION = YES;
				CLANG_WARN_OBJC_ROOT_CLASS = YES_ERROR;
				CLANG_WARN_RANGE_LOOP_ANALYSIS = YES;
				CLANG_WARN_STRICT_PROTOTYPES = YES;
				CLANG_WARN_SUSPICIOUS_MOVE = YES;
				CLANG_WARN_UNGUARDED_AVAILABILITY = YES_AGGRESSIVE;
				CLANG_WARN_UNREACHABLE_CODE = YES;
				CLANG_WARN__DUPLICATE_METHOD_MATCH = YES;
				COPY_PHASE_STRIP = NO;
				DEBUG_INFORMATION_FORMAT = dwarf;
				ENABLE_STRICT_OBJC_MSGSEND = YES;
				ENABLE_TESTABILITY = YES;
				ENABLE_USER_SCRIPT_SANDBOXING = YES;
				GCC_C_LANGUAGE_STANDARD = gnu17;
				GCC_DYNAMIC_NO_PIC = NO;
				GCC_NO_COMMON_BLOCKS = YES;
				GCC_OPTIMIZATION_LEVEL = 0;
				GCC_PREPROCESSOR_DEFINITIONS = (
					"DEBUG=1",
					"$(inherited)",
				);
				GCC_WARN_64_TO_32_BIT_CONVERSION = YES;
				GCC_WARN_ABOUT_RETURN_TYPE = YES_ERROR;
				GCC_WARN_UNDECLARED_SELECTOR = YES;
				GCC_WARN_UNINITIALIZED_AUTOS = YES_AGGRESSIVE;
				GCC_WARN_UNUSED_FUNCTION = YES;
				GCC_WARN_UNUSED_VARIABLE = YES;
				IPHONEOS_DEPLOYMENT_TARGET = 17.0;
				LOCALIZATION_PREFERS_STRING_CATALOGS = YES;
				MTL_ENABLE_DEBUG_INFO = INCLUDE_SOURCE;
				MTL_FAST_MATH = YES;
				ONLY_ACTIVE_ARCH = YES;
				SDKROOT = iphoneos;
				SWIFT_ACTIVE_COMPILATION_CONDITIONS = "DEBUG $(inherited)";
				SWIFT_OPTIMIZATION_LEVEL = "-Onone";
			};
			name = Debug;
		};
		700000000000000000000002 /* Release */ = {
			isa = XCBuildConfiguration;
			buildSettings = {
				ALWAYS_SEARCH_USER_PATHS = NO;
				ASSETCATALOG_COMPILER_GENERATE_SWIFT_ASSET_SYMBOL_EXTENSIONS = YES;
				CLANG_ANALYZER_NONNULL = YES;
				CLANG_ANALYZER_NUMBER_OBJECT_CONVERSION = YES_AGGRESSIVE;
				CLANG_CXX_LANGUAGE_STANDARD = "gnu++20";
				CLANG_ENABLE_MODULES = YES;
				CLANG_ENABLE_OBJC_ARC = YES;
				CLANG_ENABLE_OBJC_WEAK = YES;
				CLANG_WARN_BLOCK_CAPTURE_AUTORELEASING = YES;
				CLANG_WARN_BOOL_CONVERSION = YES;
				CLANG_WARN_COMMA = YES;
				CLANG_WARN_CONSTANT_CONVERSION = YES;
				CLANG_WARN_DEPRECATED_OBJC_IMPLEMENTATIONS = YES;
				CLANG_WARN_DIRECT_OBJC_ISA_USAGE = YES_ERROR;
				CLANG_WARN_DOCUMENTATION_COMMENTS = YES;
				CLANG_WARN_EMPTY_BODY = YES;
				CLANG_WARN_ENUM_CONVERSION = YES;
				CLANG_WARN_INFINITE_RECURSION = YES;
				CLANG_WARN_INT_CONVERSION = YES;
				CLANG_WARN_NON_LITERAL_NULL_CONVERSION = YES;
				CLANG_WARN_OBJC_IMPLICIT_RETAIN_SELF = YES;
				CLANG_WARN_OBJC_LITERAL_CONVERSION = YES;
				CLANG_WARN_OBJC_ROOT_CLASS = YES_ERROR;
				CLANG_WARN_RANGE_LOOP_ANALYSIS = YES;
				CLANG_WARN_STRICT_PROTOTYPES = YES;
				CLANG_WARN_SUSPICIOUS_MOVE = YES;
				CLANG_WARN_UNGUARDED_AVAILABILITY = YES_AGGRESSIVE;
				CLANG_WARN_UNREACHABLE_CODE = YES;
				CLANG_WARN__DUPLICATE_METHOD_MATCH = YES;
				COPY_PHASE_STRIP = NO;
				DEBUG_INFORMATION_FORMAT = "dwarf-with-dsym";
				ENABLE_NS_ASSERTIONS = NO;
				ENABLE_STRICT_OBJC_MSGSEND = YES;
				ENABLE_USER_SCRIPT_SANDBOXING = YES;
				GCC_C_LANGUAGE_STANDARD = gnu17;
				GCC_NO_COMMON_BLOCKS = YES;
				GCC_WARN_64_TO_32_BIT_CONVERSION = YES;
				GCC_WARN_ABOUT_RETURN_TYPE = YES_ERROR;
				GCC_WARN_UNDECLARED_SELECTOR = YES;
				GCC_WARN_UNINITIALIZED_AUTOS = YES_AGGRESSIVE;
				GCC_WARN_UNUSED_FUNCTION = YES;
				GCC_WARN_UNUSED_VARIABLE = YES;
				IPHONEOS_DEPLOYMENT_TARGET = 17.0;
				LOCALIZATION_PREFERS_STRING_CATALOGS = YES;
				MTL_ENABLE_DEBUG_INFO = NO;
				MTL_FAST_MATH = YES;
				SDKROOT = iphoneos;
				SWIFT_COMPILATION_MODE = wholemodule;
				VALIDATE_PRODUCT = YES;
			};
			name = Release;
		};
		700000000000000000000003 /* Debug */ = {
			isa = XCBuildConfiguration;
			buildSettings = {
				ASSETCATALOG_COMPILER_APPICON_NAME = AppIcon;
				ASSETCATALOG_COMPILER_GLOBAL_ACCENT_COLOR_NAME = AccentColor;
				CODE_SIGN_STYLE = Automatic;
				CURRENT_PROJECT_VERSION = 1;
				DEVELOPMENT_ASSET_PATHS = "\"MoneyMap/Preview Content\"";
				ENABLE_PREVIEWS = YES;
				GENERATE_INFOPLIST_FILE = YES;
				INFOPLIST_KEY_CFBundleDisplayName = "钱袋";
				INFOPLIST_KEY_UIApplicationSceneManifest_Generation = YES;
				INFOPLIST_KEY_UIApplicationSupportsIndirectInputEvents = YES;
				INFOPLIST_KEY_UILaunchScreen_Generation = YES;
				INFOPLIST_KEY_UISupportedInterfaceOrientations_iPad = "UIInterfaceOrientationPortrait UIInterfaceOrientationPortraitUpsideDown UIInterfaceOrientationLandscapeLeft UIInterfaceOrientationLandscapeRight";
				INFOPLIST_KEY_UISupportedInterfaceOrientations_iPhone = "UIInterfaceOrientationPortrait UIInterfaceOrientationLandscapeLeft UIInterfaceOrientationLandscapeRight";
				IPHONEOS_DEPLOYMENT_TARGET = 17.0;
				LD_RUNPATH_SEARCH_PATHS = (
					"$(inherited)",
					"@executable_path/Frameworks",
				);
				MARKETING_VERSION = 0.1.0;
				PRODUCT_BUNDLE_IDENTIFIER = com.lusansui.MoneyMap;
				PRODUCT_NAME = "$(TARGET_NAME)";
				SWIFT_EMIT_LOC_STRINGS = YES;
				SWIFT_VERSION = 5.0;
				TARGETED_DEVICE_FAMILY = "1,2";
			};
			name = Debug;
		};
		700000000000000000000004 /* Release */ = {
			isa = XCBuildConfiguration;
			buildSettings = {
				ASSETCATALOG_COMPILER_APPICON_NAME = AppIcon;
				ASSETCATALOG_COMPILER_GLOBAL_ACCENT_COLOR_NAME = AccentColor;
				CODE_SIGN_STYLE = Automatic;
				CURRENT_PROJECT_VERSION = 1;
				DEVELOPMENT_ASSET_PATHS = "\"MoneyMap/Preview Content\"";
				ENABLE_PREVIEWS = YES;
				GENERATE_INFOPLIST_FILE = YES;
				INFOPLIST_KEY_CFBundleDisplayName = "钱袋";
				INFOPLIST_KEY_UIApplicationSceneManifest_Generation = YES;
				INFOPLIST_KEY_UIApplicationSupportsIndirectInputEvents = YES;
				INFOPLIST_KEY_UILaunchScreen_Generation = YES;
				INFOPLIST_KEY_UISupportedInterfaceOrientations_iPad = "UIInterfaceOrientationPortrait UIInterfaceOrientationPortraitUpsideDown UIInterfaceOrientationLandscapeLeft UIInterfaceOrientationLandscapeRight";
				INFOPLIST_KEY_UISupportedInterfaceOrientations_iPhone = "UIInterfaceOrientationPortrait UIInterfaceOrientationLandscapeLeft UIInterfaceOrientationLandscapeRight";
				IPHONEOS_DEPLOYMENT_TARGET = 17.0;
				LD_RUNPATH_SEARCH_PATHS = (
					"$(inherited)",
					"@executable_path/Frameworks",
				);
				MARKETING_VERSION = 0.1.0;
				PRODUCT_BUNDLE_IDENTIFIER = com.lusansui.MoneyMap;
				PRODUCT_NAME = "$(TARGET_NAME)";
				SWIFT_EMIT_LOC_STRINGS = YES;
				SWIFT_VERSION = 5.0;
				TARGETED_DEVICE_FAMILY = "1,2";
			};
			name = Release;
		};
/* End XCBuildConfiguration section */

/* Begin XCConfigurationList section */
		800000000000000000000001 /* Build configuration list for PBXProject "MoneyMap" */ = {
			isa = XCConfigurationList;
			buildConfigurations = (
				700000000000000000000001 /* Debug */,
				700000000000000000000002 /* Release */,
			);
			defaultConfigurationIsVisible = 0;
			defaultConfigurationName = Release;
		};
		800000000000000000000002 /* Build configuration list for PBXNativeTarget "MoneyMap" */ = {
			isa = XCConfigurationList;
			buildConfigurations = (
				700000000000000000000003 /* Debug */,
				700000000000000000000004 /* Release */,
			);
			defaultConfigurationIsVisible = 0;
			defaultConfigurationName = Release;
		};
/* End XCConfigurationList section */
	};
	rootObject = 100000000000000000000001 /* Project object */;
}
